
Microsoft Visual Studio Solution File, Format Version 12.00
# Visual Studio 2012
Project("{FAE04EC0-301F-11D3-BF4B-00C04F79EFBC}") = "WcfStevenClient", "WcfStevenClient\WcfStevenClient.csproj", "{5EB48B21-33F5-4F60-8E57-4BF069107F9E}"
EndProject
Global
	GlobalSection(SolutionConfigurationPlatforms) = preSolution
		Debug|Any CPU = Debug|Any CPU
		Release|Any CPU = Release|Any CPU
	EndGlobalSection
	GlobalSection(ProjectConfigurationPlatforms) = postSolution
		{5EB48B21-33F5-4F60-8E57-4BF069107F9E}.Debug|Any CPU.ActiveCfg = Debug|Any CPU
		{5EB48B21-33F5-4F60-8E57-4BF069107F9E}.Debug|Any CPU.Build.0 = Debug|Any CPU
		{5EB48B21-33F5-4F60-8E57-4BF069107F9E}.Release|Any CPU.ActiveCfg = Release|Any CPU
		{5EB48B21-33F5-4F60-8E57-4BF069107F9E}.Release|Any CPU.Build.0 = Release|Any CPU
	EndGlobalSection
	GlobalSection(SolutionProperties) = preSolution
		HideSolutionNode = FALSE
	EndGlobalSection
EndGlobal
